<?xml version="1.0" encoding="UTF-8" standalone="yes" ?>
<CodeBlocks_project_file>
	<FileVersion major="1" minor="6" />
	<Project>
		<Option title="Catch-VC6" />
		<Option pch_mode="2" />
		<Option compiler="microsoft_visual_c_60" />
		<Build>
			<Target title="Win32 Release">
				<Option output="Catch" prefix_auto="1" extension_auto="1" />
				<Option object_output="D:/Dropbox/Accu/PhilNash/Projects/Catch/.objs" />
				<Option type="1" />
				<Option compiler="microsoft_visual_c_60" />
				<Compiler>
					<Add option="/Og" />
					<Add option="/Ox" />
					<Add option="/DNDEBUG" />
				</Compiler>
			</Target>
		</Build>
		<Compiler>
			<Add option="/W3" />
		</Compiler>
		<Unit filename="../../.gitattributes" />
		<Unit filename="../../.gitignore" />
		<Unit filename="../../LICENSE_1_0.txt" />
		<Unit filename="../../README.md" />
		<Unit filename="../../catch-logo-small.png" />
		<Unit filename="../../include/catch.hpp" />
		<Unit filename="../../include/catch_runner.hpp" />
		<Unit filename="../../include/catch_with_main.hpp" />
		<Unit filename="../../include/internal/catch_approx.hpp" />
		<Unit filename="../../include/internal/catch_assertionresult.h" />
		<Unit filename="../../include/internal/catch_assertionresult.hpp" />
		<Unit filename="../../include/internal/catch_capture.hpp" />
		<Unit filename="../../include/internal/catch_commandline.hpp" />
		<Unit filename="../../include/internal/catch_common.h" />
		<Unit filename="../../include/internal/catch_compiler_capabilities.h" />
		<Unit filename="../../include/internal/catch_config.hpp" />
		<Unit filename="../../include/internal/catch_console_colour.hpp" />
		<Unit filename="../../include/internal/catch_console_colour_impl.hpp" />
		<Unit filename="../../include/internal/catch_context.h" />
		<Unit filename="../../include/internal/catch_context_impl.hpp" />
		<Unit filename="../../include/internal/catch_debugger.hpp" />
		<Unit filename="../../include/internal/catch_default_main.hpp" />
		<Unit filename="../../include/internal/catch_evaluate.hpp" />
		<Unit filename="../../include/internal/catch_exception_translator_registry.hpp" />
		<Unit filename="../../include/internal/catch_expression_decomposer.hpp" />
		<Unit filename="../../include/internal/catch_expression_lhs.hpp" />
		<Unit filename="../../include/internal/catch_expressionresult_builder.h" />
		<Unit filename="../../include/internal/catch_expressionresult_builder.hpp" />
		<Unit filename="../../include/internal/catch_generators.hpp" />
		<Unit filename="../../include/internal/catch_generators_impl.hpp" />
		<Unit filename="../../include/internal/catch_impl.hpp" />
		<Unit filename="../../include/internal/catch_interfaces_capture.h" />
		<Unit filename="../../include/internal/catch_interfaces_config.h" />
		<Unit filename="../../include/internal/catch_interfaces_exception.h" />
		<Unit filename="../../include/internal/catch_interfaces_generators.h" />
		<Unit filename="../../include/internal/catch_interfaces_registry_hub.h" />
		<Unit filename="../../include/internal/catch_interfaces_reporter.h" />
		<Unit filename="../../include/internal/catch_interfaces_runner.h" />
		<Unit filename="../../include/internal/catch_interfaces_testcase.h" />
		<Unit filename="../../include/internal/catch_legacy_reporter_adapter.h" />
		<Unit filename="../../include/internal/catch_legacy_reporter_adapter.hpp" />
		<Unit filename="../../include/internal/catch_list.hpp" />
		<Unit filename="../../include/internal/catch_matchers.hpp" />
		<Unit filename="../../include/internal/catch_message.h" />
		<Unit filename="../../include/internal/catch_message.hpp" />
		<Unit filename="../../include/internal/catch_meta_vc6.hpp" />
		<Unit filename="../../include/internal/catch_notimplemented_exception.h" />
		<Unit filename="../../include/internal/catch_notimplemented_exception.hpp" />
		<Unit filename="../../include/internal/catch_objc.hpp" />
		<Unit filename="../../include/internal/catch_objc_arc.hpp" />
		<Unit filename="../../include/internal/catch_option.hpp" />
		<Unit filename="../../include/internal/catch_ptr.hpp" />
		<Unit filename="../../include/internal/catch_registry_hub.hpp" />
		<Unit filename="../../include/internal/catch_reporter_registrars.hpp" />
		<Unit filename="../../include/internal/catch_reporter_registry.hpp" />
		<Unit filename="../../include/internal/catch_result_type.h" />
		<Unit filename="../../include/internal/catch_runner_impl.hpp" />
		<Unit filename="../../include/internal/catch_running_test.hpp" />
		<Unit filename="../../include/internal/catch_section.hpp" />
		<Unit filename="../../include/internal/catch_section_info.hpp" />
		<Unit filename="../../include/internal/catch_sfinae.hpp" />
		<Unit filename="../../include/internal/catch_stream.hpp" />
		<Unit filename="../../include/internal/catch_streambuf.h" />
		<Unit filename="../../include/internal/catch_tags.hpp" />
		<Unit filename="../../include/internal/catch_test_case_info.h" />
		<Unit filename="../../include/internal/catch_test_case_info.hpp" />
		<Unit filename="../../include/internal/catch_test_case_registry_impl.hpp" />
		<Unit filename="../../include/internal/catch_test_registry.hpp" />
		<Unit filename="../../include/internal/catch_test_spec.h" />
		<Unit filename="../../include/internal/catch_text.h" />
		<Unit filename="../../include/internal/catch_text.hpp" />
		<Unit filename="../../include/internal/catch_tostring.hpp" />
		<Unit filename="../../include/internal/catch_totals.hpp" />
		<Unit filename="../../include/internal/catch_version.h" />
		<Unit filename="../../include/internal/catch_version.hpp" />
		<Unit filename="../../include/internal/catch_xmlwriter.hpp" />
		<Unit filename="../../include/internal/clara.h" />
		<Unit filename="../../include/reporters/catch_reporter_basic.hpp" />
		<Unit filename="../../include/reporters/catch_reporter_console.hpp" />
		<Unit filename="../../include/reporters/catch_reporter_junit.hpp" />
		<Unit filename="../../include/reporters/catch_reporter_xml.hpp" />
		<Unit filename="../../scripts/approvalTests.py" />
		<Unit filename="../../scripts/approve.py" />
		<Unit filename="../../scripts/diff.py" />
		<Unit filename="../../scripts/generateSingleHeader.py" />
		<Unit filename="../../scripts/scriptCommon.py" />
		<Unit filename="../../single_include/catch.hpp" />
		<Unit filename="../SelfTest/ApproxTests.cpp" />
		<Unit filename="../SelfTest/BDDTests.cpp" />
		<Unit filename="../SelfTest/Baselines/approvedResults.txt" />
		<Unit filename="../SelfTest/BasicTests.cpp" />
		<Unit filename="../SelfTest/ClassTests.cpp" />
		<Unit filename="../SelfTest/CmdLineTests.cpp" />
		<Unit filename="../SelfTest/ConditionTests.cpp" />
		<Unit filename="../SelfTest/ExceptionTests.cpp" />
		<Unit filename="../SelfTest/GeneratorTests.cpp" />
		<Unit filename="../SelfTest/MessageTests.cpp" />
		<Unit filename="../SelfTest/MiscTests.cpp" />
		<Unit filename="../SelfTest/PointerTests.cpp" />
		<Unit filename="../SelfTest/SurrogateCpps/catch_common.cpp" />
		<Unit filename="../SelfTest/SurrogateCpps/catch_console_colour.cpp" />
		<Unit filename="../SelfTest/SurrogateCpps/catch_debugger.cpp" />
		<Unit filename="../SelfTest/SurrogateCpps/catch_interfaces_capture.cpp" />
		<Unit filename="../SelfTest/SurrogateCpps/catch_interfaces_config.cpp" />
		<Unit filename="../SelfTest/SurrogateCpps/catch_interfaces_exception.cpp" />
		<Unit filename="../SelfTest/SurrogateCpps/catch_interfaces_generators.cpp" />
		<Unit filename="../SelfTest/SurrogateCpps/catch_interfaces_registry_hub.cpp" />
		<Unit filename="../SelfTest/SurrogateCpps/catch_interfaces_reporter.cpp" />
		<Unit filename="../SelfTest/SurrogateCpps/catch_interfaces_runner.cpp" />
		<Unit filename="../SelfTest/SurrogateCpps/catch_interfaces_testcase.cpp" />
		<Unit filename="../SelfTest/SurrogateCpps/catch_message.cpp" />
		<Unit filename="../SelfTest/SurrogateCpps/catch_option.cpp" />
		<Unit filename="../SelfTest/SurrogateCpps/catch_ptr.cpp" />
		<Unit filename="../SelfTest/SurrogateCpps/catch_stream.cpp" />
		<Unit filename="../SelfTest/SurrogateCpps/catch_streambuf.cpp" />
		<Unit filename="../SelfTest/SurrogateCpps/catch_tags.cpp" />
		<Unit filename="../SelfTest/SurrogateCpps/catch_xmlwriter.cpp" />
		<Unit filename="../SelfTest/TestMain.cpp" />
		<Unit filename="../SelfTest/TrickyTests.cpp" />
		<Unit filename="../SelfTest/VariadicMacrosTests.cpp" />
		<Unit filename="../SelfTest/catch_self_test.cpp" />
		<Unit filename="../SelfTest/catch_self_test.hpp" />
		<Unit filename="../Tutorial/Tutorial1.cpp" />
		<Unit filename="../VS2005/README.md" />
		<Unit filename="../VS2005/TestCatch/compile-debug.bat" />
		<Unit filename="../VS2005/TestCatch/compile.bat" />
		<Unit filename="../VS2005/Tutorial/compile.bat" />
		<Unit filename="../VS2008/TestCatch/TestCatch/ReadMe.txt" />
		<Unit filename="../VS2008/TestCatch/TestCatch/TestCatch.cpp" />
		<Unit filename="../VS2008/TestCatch/_UpgradeReport_Files/UpgradeReport_Minus.gif" />
		<Unit filename="../VS2008/TestCatch/_UpgradeReport_Files/UpgradeReport_Plus.gif" />
		<Unit filename="../VS2008/Tutorial/compile.bat" />
		<Unit filename="../VS2010/TestCatch/TestCatch/ReadMe.txt" />
		<Unit filename="../VS2010/TestCatch/TestCatch/TestCatch.cpp" />
		<Unit filename="../VS2010/TestCatch/compile.bat" />
		<Unit filename="../VS2010/Tutorial/compile.bat" />
		<Unit filename="../VS6/README.md" />
		<Unit filename="../VS6/TestCatch/compile-00-basic.bat" />
		<Unit filename="../VS6/TestCatch/compile-00-pointer.bat" />
		<Unit filename="../VS6/TestCatch/compile-01-misc.bat" />
		<Unit filename="../VS6/TestCatch/compile-02-generator.bat" />
		<Unit filename="../VS6/TestCatch/compile-03-message.bat" />
		<Unit filename="../VS6/TestCatch/compile-04-class.bat" />
		<Unit filename="../VS6/TestCatch/compile-05-approx.bat" />
		<Unit filename="../VS6/TestCatch/compile-06-condition.bat" />
		<Unit filename="../VS6/TestCatch/compile-07-exception.bat" />
		<Unit filename="../VS6/TestCatch/compile-08-tricky.bat" />
		<Unit filename="../VS6/TestCatch/compile-09-most.bat" />
		<Unit filename="../VS6/TestCatch/compile-debug.bat" />
		<Unit filename="../VS6/TestCatch/compile.bat" />
		<Unit filename="../VS6/TestCatch/mk-help.bat" />
		<Unit filename="../VS6/Tutorial/compile.bat" />
		<Unit filename="../XCode3/OCTest/CatchOCTestCase.h" />
		<Unit filename="../XCode3/OCTest/TestObj.h" />
		<Unit filename="../XCode4/CatchSelfTest/CatchSelfTestSingle/dummy.txt" />
		<Unit filename="../XCode4/CatchSelfTest/CatchSelfTest/BDDTests.cpp" />
		<Unit filename="../XCode4/CatchSelfTest/CatchSelfTest/catch_line_wrap.cpp" />
		<Unit filename="../XCode4/OCTest/OCTest/CatchOCTestCase.h" />
		<Unit filename="../XCode4/OCTest/OCTest/TestObj.h" />
		<Unit filename="../XCode4/iOSTest/iOSTest/TestObj.h" />
		<Unit filename="../clang/TestCatch/clang++.bat" />
		<Unit filename="../clang/TestCatch/compile-00-basic.bat" />
		<Unit filename="../clang/TestCatch/compile.bat" />
		<Unit filename="../clang/Tutorial/compile.bat" />
		<Unit filename="../gcc/TestCatch/compile-00-basic.bat" />
		<Unit filename="../gcc/TestCatch/compile.bat" />
		<Unit filename="../gcc/Tutorial/compile.bat" />
		<Unit filename="../runners/iTchRunner/internal/iTchRunnerAppDelegate.h" />
		<Unit filename="../runners/iTchRunner/internal/iTchRunnerMainView.h" />
		<Unit filename="../runners/iTchRunner/internal/iTchRunnerReporter.h" />
		<Unit filename="../runners/iTchRunner/itChRunnerMain.mm" />
		<Unit filename="../runners/iTchRunner/readme" />
		<Unit filename=".gitignore" />
		<Extensions>
			<code_completion />
			<envvars />
			<debugger />
			<lib_finder disable_auto="1" />
			<DoxyBlocks>
				<comment_style block="0" line="2" />
				<doxyfile_project />
				<doxyfile_build />
				<doxyfile_warnings />
				<doxyfile_output />
				<doxyfile_dot />
				<general />
			</DoxyBlocks>
		</Extensions>
	</Project>
</CodeBlocks_project_file>
